
Microsoft Visual Studio Solution File, Format Version 12.00
# Visual Studio Version 16
VisualStudioVersion = 16.0.30804.86
MinimumVisualStudioVersion = 10.0.40219.1
Project("{9A19103F-16F7-4668-BE54-9A1E7A4F7556}") = "PokerHandShowdown", "PokerHandShowdown\PokerHandShowdown.csproj", "{437DDFA6-BD50-4763-A91F-56A6168849D5}"
EndProject
Project("{FAE04EC0-301F-11D3-BF4B-00C04F79EFBC}") = "PokerHandShowdownTests", "PokerHandShowdownTests\PokerHandShowdownTests.csproj", "{8005A4A1-6F40-4CEE-B9D6-C590D2663E63}"
EndProject
Global
	GlobalSection(SolutionConfigurationPlatforms) = preSolution
		Debug|Any CPU = Debug|Any CPU
		Release|Any CPU = Release|Any CPU
	EndGlobalSection
	GlobalSection(ProjectConfigurationPlatforms) = postSolution
		{437DDFA6-BD50-4763-A91F-56A6168849D5}.Debug|Any CPU.ActiveCfg = Debug|Any CPU
		{437DDFA6-BD50-4763-A91F-56A6168849D5}.Debug|Any CPU.Build.0 = Debug|Any CPU
		{437DDFA6-BD50-4763-A91F-56A6168849D5}.Release|Any CPU.ActiveCfg = Release|Any CPU
		{437DDFA6-BD50-4763-A91F-56A6168849D5}.Release|Any CPU.Build.0 = Release|Any CPU
		{8005A4A1-6F40-4CEE-B9D6-C590D2663E63}.Debug|Any CPU.ActiveCfg = Debug|Any CPU
		{8005A4A1-6F40-4CEE-B9D6-C590D2663E63}.Debug|Any CPU.Build.0 = Debug|Any CPU
		{8005A4A1-6F40-4CEE-B9D6-C590D2663E63}.Release|Any CPU.ActiveCfg = Release|Any CPU
		{8005A4A1-6F40-4CEE-B9D6-C590D2663E63}.Release|Any CPU.Build.0 = Release|Any CPU
	EndGlobalSection
	GlobalSection(SolutionProperties) = preSolution
		HideSolutionNode = FALSE
	EndGlobalSection
	GlobalSection(ExtensibilityGlobals) = postSolution
		SolutionGuid = {0D1DEE8D-C62A-4A90-B93E-29926534E8CE}
	EndGlobalSection
EndGlobal
